#===================================================================
# pins.qsf — EP4CE10F17C6 pin assignments (Cyclone IV E, 256-FBGA)
#===================================================================

# --- 50 MHz clock input ---
set_location_assignment PIN_E1 -to clk_50m_in

# --- Reset (active low) ---
set_location_assignment PIN_L12 -to reset_l

# --- UART ---
set_location_assignment PIN_M1 -to uart_rx
set_location_assignment PIN_N1 -to uart_tx

# --- LED ---
set_location_assignment PIN_K15 -to led_o[0]
set_location_assignment PIN_K16 -to led_o[1]
set_location_assignment PIN_K9  -to led_o[2]
set_location_assignment PIN_K10 -to led_o[3]

set_location_assignment PIN_J1 -to buzz

# --- GMII TX interface ---
set_location_assignment PIN_L7  -to eth0_gtx_clk
set_location_assignment PIN_N6  -to eth0_txen
set_location_assignment PIN_L3  -to eth0_txer
set_location_assignment PIN_M6  -to eth0_txd[0]
set_location_assignment PIN_R6  -to eth0_txd[1]
set_location_assignment PIN_T3  -to eth0_txd[2]
set_location_assignment PIN_T4  -to eth0_txd[3]
set_location_assignment PIN_P3  -to eth0_txd[4]
set_location_assignment PIN_N2  -to eth0_txd[5]
set_location_assignment PIN_P1  -to eth0_txd[6]
set_location_assignment PIN_L2  -to eth0_txd[7]

# --- GMII RX interface ---
set_location_assignment PIN_L11 -to eth0_rxc
set_location_assignment PIN_M10 -to eth0_rxdv
set_location_assignment PIN_T9  -to eth0_rxer
set_location_assignment PIN_T8  -to eth0_rxd[0]
set_location_assignment PIN_T7  -to eth0_rxd[1]
set_location_assignment PIN_T10 -to eth0_rxd[2]
set_location_assignment PIN_R7  -to eth0_rxd[3]
set_location_assignment PIN_P8  -to eth0_rxd[4]
set_location_assignment PIN_M9  -to eth0_rxd[5]
set_location_assignment PIN_L9  -to eth0_rxd[6]
set_location_assignment PIN_T11 -to eth0_rxd[7]

# --- Ethernet reset ---
set_location_assignment PIN_R5  -to eth0_greset

# --- MDIO ---
set_location_assignment PIN_L1  -to eth0_mdc
set_location_assignment PIN_J2  -to eth0_mdio

#===================================================================
# I/O Standards
#===================================================================

set_instance_assignment -name IO_STANDARD "3.3-V LVTTL" -to clk_50m_in
set_instance_assignment -name IO_STANDARD "3.3-V LVTTL" -to reset_l
set_instance_assignment -name IO_STANDARD "3.3-V LVTTL" -to uart_rx
set_instance_assignment -name IO_STANDARD "3.3-V LVTTL" -to uart_tx
set_instance_assignment -name IO_STANDARD "3.3-V LVTTL" -to led_o[0]
set_instance_assignment -name IO_STANDARD "3.3-V LVTTL" -to led_o[1]
set_instance_assignment -name IO_STANDARD "3.3-V LVTTL" -to led_o[2]
set_instance_assignment -name IO_STANDARD "3.3-V LVTTL" -to led_o[3]
set_instance_assignment -name IO_STANDARD "3.3-V LVTTL" -to buzz
set_instance_assignment -name IO_STANDARD "3.3-V LVTTL" -to eth0_gtx_clk
set_instance_assignment -name IO_STANDARD "3.3-V LVTTL" -to eth0_txen
set_instance_assignment -name IO_STANDARD "3.3-V LVTTL" -to eth0_txer
set_instance_assignment -name IO_STANDARD "3.3-V LVTTL" -to eth0_txd[0]
set_instance_assignment -name IO_STANDARD "3.3-V LVTTL" -to eth0_txd[1]
set_instance_assignment -name IO_STANDARD "3.3-V LVTTL" -to eth0_txd[2]
set_instance_assignment -name IO_STANDARD "3.3-V LVTTL" -to eth0_txd[3]
set_instance_assignment -name IO_STANDARD "3.3-V LVTTL" -to eth0_txd[4]
set_instance_assignment -name IO_STANDARD "3.3-V LVTTL" -to eth0_txd[5]
set_instance_assignment -name IO_STANDARD "3.3-V LVTTL" -to eth0_txd[6]
set_instance_assignment -name IO_STANDARD "3.3-V LVTTL" -to eth0_txd[7]
set_instance_assignment -name IO_STANDARD "3.3-V LVTTL" -to eth0_rxc
set_instance_assignment -name IO_STANDARD "3.3-V LVTTL" -to eth0_rxdv
set_instance_assignment -name IO_STANDARD "3.3-V LVTTL" -to eth0_rxer
set_instance_assignment -name IO_STANDARD "3.3-V LVTTL" -to eth0_rxd[0]
set_instance_assignment -name IO_STANDARD "3.3-V LVTTL" -to eth0_rxd[1]
set_instance_assignment -name IO_STANDARD "3.3-V LVTTL" -to eth0_rxd[2]
set_instance_assignment -name IO_STANDARD "3.3-V LVTTL" -to eth0_rxd[3]
set_instance_assignment -name IO_STANDARD "3.3-V LVTTL" -to eth0_rxd[4]
set_instance_assignment -name IO_STANDARD "3.3-V LVTTL" -to eth0_rxd[5]
set_instance_assignment -name IO_STANDARD "3.3-V LVTTL" -to eth0_rxd[6]
set_instance_assignment -name IO_STANDARD "3.3-V LVTTL" -to eth0_rxd[7]
set_instance_assignment -name IO_STANDARD "3.3-V LVTTL" -to eth0_greset
set_instance_assignment -name IO_STANDARD "3.3-V LVTTL" -to eth0_mdc
set_instance_assignment -name IO_STANDARD "3.3-V LVTTL" -to eth0_mdio
